{
  "originHash" : "b7a4c07ed9aa46382a4b6552339417158613a5c8e6f87c4cb8a24cccc8fdc965",
  "pins" : [
    {
      "identity" : "prynttrimmerview",
      "kind" : "remoteSourceControl",
      "location" : "https://github.com/HHK1/PryntTrimmerView",
      "state" : {
        "revision" : "ac1b60a22c7e6a6514de7a66d2f3d5b537c956d5",
        "version" : "4.0.2"
      }
    },
    {
      "identity" : "stevia",
      "kind" : "remoteSourceControl",
      "location" : "https://github.com/freshOS/Stevia",
      "state" : {
        "revision" : "6192b6216f821b7132e9b772108f25af8cf8ebc5",
        "version" : "6.2.2"
      }
    }
  ],
  "version" : 3
}
